
Microsoft Visual Studio Solution File, Format Version 12.00
# Visual Studio 15
VisualStudioVersion = 15.0.27130.2036
MinimumVisualStudioVersion = 10.0.40219.1
Project("{FAE04EC0-301F-11D3-BF4B-00C04F79EFBC}") = "Sim1", "Sim1\Sim1.csproj", "{2300A983-9E5C-481A-BB64-DB85CD15FDC6}"
EndProject
Project("{FAE04EC0-301F-11D3-BF4B-00C04F79EFBC}") = "SimCore", "SimCore\SimCore.csproj", "{86AA03BE-6829-4E1E-9C9F-FEF46B623305}"
EndProject
Global
	GlobalSection(SolutionConfigurationPlatforms) = preSolution
		Debug|Any CPU = Debug|Any CPU
		Release|Any CPU = Release|Any CPU
	EndGlobalSection
	GlobalSection(ProjectConfigurationPlatforms) = postSolution
		{2300A983-9E5C-481A-BB64-DB85CD15FDC6}.Debug|Any CPU.ActiveCfg = Debug|Any CPU
		{2300A983-9E5C-481A-BB64-DB85CD15FDC6}.Debug|Any CPU.Build.0 = Debug|Any CPU
		{2300A983-9E5C-481A-BB64-DB85CD15FDC6}.Release|Any CPU.ActiveCfg = Release|Any CPU
		{2300A983-9E5C-481A-BB64-DB85CD15FDC6}.Release|Any CPU.Build.0 = Release|Any CPU
		{86AA03BE-6829-4E1E-9C9F-FEF46B623305}.Debug|Any CPU.ActiveCfg = Debug|Any CPU
		{86AA03BE-6829-4E1E-9C9F-FEF46B623305}.Debug|Any CPU.Build.0 = Debug|Any CPU
		{86AA03BE-6829-4E1E-9C9F-FEF46B623305}.Release|Any CPU.ActiveCfg = Release|Any CPU
		{86AA03BE-6829-4E1E-9C9F-FEF46B623305}.Release|Any CPU.Build.0 = Release|Any CPU
	EndGlobalSection
	GlobalSection(SolutionProperties) = preSolution
		HideSolutionNode = FALSE
	EndGlobalSection
	GlobalSection(ExtensibilityGlobals) = postSolution
		SolutionGuid = {C435159A-AFF6-4E11-B570-AD2EAFE5A606}
	EndGlobalSection
EndGlobal
